
Microsoft Visual Studio Solution File, Format Version 12.00
# Visual Studio Version 16
VisualStudioVersion = 16.0.30320.27
MinimumVisualStudioVersion = 10.0.40219.1
Project("{FAE04EC0-301F-11D3-BF4B-00C04F79EFBC}") = "BinarySearchTree", "BinarySearchTree.csproj", "{64764C2F-66ED-40CE-BD2B-6DE7C7206E96}"
EndProject
Global
	GlobalSection(SolutionConfigurationPlatforms) = preSolution
		Debug|Any CPU = Debug|Any CPU
		Release|Any CPU = Release|Any CPU
	EndGlobalSection
	GlobalSection(ProjectConfigurationPlatforms) = postSolution
		{64764C2F-66ED-40CE-BD2B-6DE7C7206E96}.Debug|Any CPU.ActiveCfg = Debug|Any CPU
		{64764C2F-66ED-40CE-BD2B-6DE7C7206E96}.Debug|Any CPU.Build.0 = Debug|Any CPU
		{64764C2F-66ED-40CE-BD2B-6DE7C7206E96}.Release|Any CPU.ActiveCfg = Release|Any CPU
		{64764C2F-66ED-40CE-BD2B-6DE7C7206E96}.Release|Any CPU.Build.0 = Release|Any CPU
	EndGlobalSection
	GlobalSection(SolutionProperties) = preSolution
		HideSolutionNode = FALSE
	EndGlobalSection
	GlobalSection(ExtensibilityGlobals) = postSolution
		SolutionGuid = {73596CFD-D473-4A24-B147-98F984F00C9D}
	EndGlobalSection
EndGlobal
